schema: '2.0'
stages:
  data_visualization:
    cmd: python src/data_visualization.py
    deps:
    - path: data/raw/datos_creditos.csv
      hash: md5
      md5: 3b26edd22e8827f890d7cd32efe475b7
      size: 663047
    - path: data/raw/datos_tarjetas.csv
      hash: md5
      md5: 9e197c893925601cd447c81256e8cf07
      size: 845190
    - path: src/data_visualization.py
      hash: md5
      md5: 393a49273f21cdeca5cf3e28bf9c7933
      size: 5480
    outs:
    - path: docs/figures/correlation_heatmap_creditos.png
      hash: md5
      md5: c261236f9486b6c3017ade2cf97cd0e3
      size: 77088
    - path: docs/figures/correlation_heatmap_tarjetas.png
      hash: md5
      md5: a58da1be7b3a1ed4b2d928ca90923e65
      size: 52584
    - path: docs/figures/target_distribution.png
      hash: md5
      md5: 4fdb2a837bf1f2e1f6fa5ca95ac99834
      size: 21581
  test_pandera:
    cmd: pytest --html=docs/report_basico.html --self-contained-html test/test_data_quality.py
      -v || cmd /c "exit /b 0"
    deps:
    - path: data/raw/datos_creditos.csv
      hash: md5
      md5: 3b26edd22e8827f890d7cd32efe475b7
      size: 663047
    - path: data/raw/datos_tarjetas.csv
      hash: md5
      md5: 9e197c893925601cd447c81256e8cf07
      size: 845190
    - path: test/test_data_quality.py
      hash: md5
      md5: 82c483cdaf64fb67fb07390de0f8d543
      size: 8119
    outs:
    - path: docs/report_basico.html
      hash: md5
      md5: d9ed6a0f389a303040bbb78986d10009
      size: 47932
  test_ge:
    cmd: pytest --html=docs/report_ge.html --self-contained-html test/test_data_quality_ge.py
      -v || cmd /c "exit /b 0"
    deps:
    - path: data/raw/datos_creditos.csv
      hash: md5
      md5: 3b26edd22e8827f890d7cd32efe475b7
      size: 663047
    - path: data/raw/datos_tarjetas.csv
      hash: md5
      md5: 9e197c893925601cd447c81256e8cf07
      size: 845190
    - path: test/test_data_quality_ge.py
      hash: md5
      md5: 1d1ad6ed2cdbb5ef5d393632d08fa9dc
      size: 5381
    outs:
    - path: docs/report_ge.html
      hash: md5
      md5: 5b2426e41ca187cfa7f4fb9c03e360b3
      size: 41103
  data_processing:
    cmd: python src/data_prep.py
    deps:
    - path: data/raw/datos_creditos.csv
      hash: md5
      md5: 3b26edd22e8827f890d7cd32efe475b7
      size: 663047
    - path: data/raw/datos_tarjetas.csv
      hash: md5
      md5: 9e197c893925601cd447c81256e8cf07
      size: 845190
    - path: src/data_prep.py
      hash: md5
      md5: 5a23abc978f14aa03cd1d495d241b2f6
      size: 4384
    outs:
    - path: data/processed/datos_integrados.csv
      hash: md5
      md5: d931f3d0d50c0a2c74216a0f531c0b4c
      size: 1911258
  train_model:
    cmd: python src/train_model.py
    deps:
    - path: data/processed/datos_integrados.csv
      hash: md5
      md5: d931f3d0d50c0a2c74216a0f531c0b4c
      size: 1911258
    - path: src/train_model.py
      hash: md5
      md5: e63a7798116596d3c6afe4bff1c44b8d
      size: 9537
    outs:
    - path: docs/figures/confusion_matrix.png
      hash: md5
      md5: 9f0355d407198abb5cd219e2804092a4
      size: 18717
    - path: metrics/train_metrics.json
      hash: md5
      md5: 2e080ce3520a006bb1985d29e1d10ab2
      size: 193
    - path: models/prod_model.pkl
      hash: md5
      md5: b4d3141b2d3f7d705894db553b8230f4
      size: 619417
    - path: models/prod_preprocessor.pkl
      hash: md5
      md5: 3023f3d9cdc2fd91774107349c176bd6
      size: 6113
  test_model:
    cmd: pytest --html=docs/report_model.html --self-contained-html test/test_train.py
      -v || cmd /c "exit /b 0"
    deps:
    - path: data/processed/datos_integrados.csv
      hash: md5
      md5: d931f3d0d50c0a2c74216a0f531c0b4c
      size: 1911258
    - path: test/test_train.py
      hash: md5
      md5: a19a9ac1b424ec58e1da29ad089b0c98
      size: 1596
    outs:
    - path: docs/report_model.html
      hash: md5
      md5: 4b15fce05431812c96ca99a14185daa6
      size: 34084
